
Microsoft Visual Studio Solution File, Format Version 12.00
# Visual Studio 15
VisualStudioVersion = 15.0.28010.2019
MinimumVisualStudioVersion = 10.0.40219.1
Project("{FAE04EC0-301F-11D3-BF4B-00C04F79EFBC}") = "CityGen", "CityGen\CityGen.csproj", "{C16C682F-C797-4D20-8092-2559CDB9F1E0}"
EndProject
Global
	GlobalSection(SolutionConfigurationPlatforms) = preSolution
		Debug|Any CPU = Debug|Any CPU
		Release|Any CPU = Release|Any CPU
	EndGlobalSection
	GlobalSection(ProjectConfigurationPlatforms) = postSolution
		{C16C682F-C797-4D20-8092-2559CDB9F1E0}.Debug|Any CPU.ActiveCfg = Debug|Any CPU
		{C16C682F-C797-4D20-8092-2559CDB9F1E0}.Debug|Any CPU.Build.0 = Debug|Any CPU
		{C16C682F-C797-4D20-8092-2559CDB9F1E0}.Release|Any CPU.ActiveCfg = Release|Any CPU
		{C16C682F-C797-4D20-8092-2559CDB9F1E0}.Release|Any CPU.Build.0 = Release|Any CPU
	EndGlobalSection
	GlobalSection(SolutionProperties) = preSolution
		HideSolutionNode = FALSE
	EndGlobalSection
	GlobalSection(ExtensibilityGlobals) = postSolution
		SolutionGuid = {C706BE29-FE4F-4487-B553-61B0F435CF08}
	EndGlobalSection
EndGlobal
